// !$*UTF8*$!
{
	archiveVersion = 1;
	classes = {
	};
	objectVersion = 56;
	objects = {

/* Begin PBXBuildFile section */
		003689FF29F1D95A0091E536 /* Honours.swift in Sources */ = {isa = PBXBuildFile; fileRef = 003689FE29F1D95A0091E536 /* Honours.swift */; };
		00C228E729D15CF2007FC938 /* Milestone.swift in Sources */ = {isa = PBXBuildFile; fileRef = 00C228E629D15CF2007FC938 /* Milestone.swift */; };
		00C228E929D15D0F007FC938 /* MilestoneResponse.swift in Sources */ = {isa = PBXBuildFile; fileRef = 00C228E829D15D0F007FC938 /* MilestoneResponse.swift */; };
		00C22B9E29F844F300639E1D /* LoginView.swift in Sources */ = {isa = PBXBuildFile; fileRef = 00C22B9D29F844F300639E1D /* LoginView.swift */; };
		00C22BA029F8474D00639E1D /* GoogleService-Info.plist in Resources */ = {isa = PBXBuildFile; fileRef = 00C22B9F29F8474D00639E1D /* GoogleService-Info.plist */; };
		00C22BA329F8484600639E1D /* FirebaseAnalytics in Frameworks */ = {isa = PBXBuildFile; productRef = 00C22BA229F8484600639E1D /* FirebaseAnalytics */; };
		00C22BA529F8484600639E1D /* FirebaseAnalyticsWithoutAdIdSupport in Frameworks */ = {isa = PBXBuildFile; productRef = 00C22BA429F8484600639E1D /* FirebaseAnalyticsWithoutAdIdSupport */; };
		00C22BA729F8484600639E1D /* FirebaseAuth in Frameworks */ = {isa = PBXBuildFile; productRef = 00C22BA629F8484600639E1D /* FirebaseAuth */; };
		00C22BA929F84E7600639E1D /* AuthViewModel.swift in Sources */ = {isa = PBXBuildFile; fileRef = 00C22BA829F84E7600639E1D /* AuthViewModel.swift */; };
		00D30D8629D0A77500CB34A7 /* Player.swift in Sources */ = {isa = PBXBuildFile; fileRef = 00D30D8529D0A77500CB34A7 /* Player.swift */; };
		00D30D8829D0A78A00CB34A7 /* PlayerStats.swift in Sources */ = {isa = PBXBuildFile; fileRef = 00D30D8729D0A78A00CB34A7 /* PlayerStats.swift */; };
		00D30D8C29D0A85300CB34A7 /* MLBViewModel.swift in Sources */ = {isa = PBXBuildFile; fileRef = 00D30D8B29D0A85300CB34A7 /* MLBViewModel.swift */; };
		00D30D8E29D0A91700CB34A7 /* PlayerStatsView.swift in Sources */ = {isa = PBXBuildFile; fileRef = 00D30D8D29D0A91700CB34A7 /* PlayerStatsView.swift */; };
		00D30D9029D0AC6500CB34A7 /* SearchResponse.swift in Sources */ = {isa = PBXBuildFile; fileRef = 00D30D8F29D0AC6500CB34A7 /* SearchResponse.swift */; };
		00D30D9229D0AC8600CB34A7 /* SearchPlayerAll.swift in Sources */ = {isa = PBXBuildFile; fileRef = 00D30D9129D0AC8600CB34A7 /* SearchPlayerAll.swift */; };
		00D30D9429D0ACA800CB34A7 /* QueryResultsPlayers.swift in Sources */ = {isa = PBXBuildFile; fileRef = 00D30D9329D0ACA800CB34A7 /* QueryResultsPlayers.swift */; };
		00D30D9629D0ACBE00CB34A7 /* StatsResponse.swift in Sources */ = {isa = PBXBuildFile; fileRef = 00D30D9529D0ACBE00CB34A7 /* StatsResponse.swift */; };
		00D30D9829D0ACD500CB34A7 /* SportHittingTM.swift in Sources */ = {isa = PBXBuildFile; fileRef = 00D30D9729D0ACD500CB34A7 /* SportHittingTM.swift */; };
		00D30D9A29D0ACEA00CB34A7 /* QueryResultsStats.swift in Sources */ = {isa = PBXBuildFile; fileRef = 00D30D9929D0ACEA00CB34A7 /* QueryResultsStats.swift */; };
		00D30D9C29D0BA7900CB34A7 /* TheSportsDBResponse.swift in Sources */ = {isa = PBXBuildFile; fileRef = 00D30D9B29D0BA7900CB34A7 /* TheSportsDBResponse.swift */; };
		00D30D9E29D0C83500CB34A7 /* PlayerStatsResponse.swift in Sources */ = {isa = PBXBuildFile; fileRef = 00D30D9D29D0C83500CB34A7 /* PlayerStatsResponse.swift */; };
		ACF5E04029BE957F00DD981A /* MLBApp.swift in Sources */ = {isa = PBXBuildFile; fileRef = ACF5E03F29BE957F00DD981A /* MLBApp.swift */; };
		ACF5E04229BE957F00DD981A /* PlayerListView.swift in Sources */ = {isa = PBXBuildFile; fileRef = ACF5E04129BE957F00DD981A /* PlayerListView.swift */; };
		ACF5E04429BE958000DD981A /* Assets.xcassets in Resources */ = {isa = PBXBuildFile; fileRef = ACF5E04329BE958000DD981A /* Assets.xcassets */; };
		ACF5E04729BE958000DD981A /* Preview Assets.xcassets in Resources */ = {isa = PBXBuildFile; fileRef = ACF5E04629BE958000DD981A /* Preview Assets.xcassets */; };
/* End PBXBuildFile section */

/* Begin PBXFileReference section */
		003689FE29F1D95A0091E536 /* Honours.swift */ = {isa = PBXFileReference; lastKnownFileType = sourcecode.swift; path = Honours.swift; sourceTree = "<group>"; };
		00C228E629D15CF2007FC938 /* Milestone.swift */ = {isa = PBXFileReference; lastKnownFileType = sourcecode.swift; path = Milestone.swift; sourceTree = "<group>"; };
		00C228E829D15D0F007FC938 /* MilestoneResponse.swift */ = {isa = PBXFileReference; lastKnownFileType = sourcecode.swift; path = MilestoneResponse.swift; sourceTree = "<group>"; };
		00C22B9D29F844F300639E1D /* LoginView.swift */ = {isa = PBXFileReference; lastKnownFileType = sourcecode.swift; path = LoginView.swift; sourceTree = "<group>"; };
		00C22B9F29F8474D00639E1D /* GoogleService-Info.plist */ = {isa = PBXFileReference; fileEncoding = 4; lastKnownFileType = text.plist.xml; path = "GoogleService-Info.plist"; sourceTree = "<group>"; };
		00C22BA829F84E7600639E1D /* AuthViewModel.swift */ = {isa = PBXFileReference; lastKnownFileType = sourcecode.swift; path = AuthViewModel.swift; sourceTree = "<group>"; };
		00D30D8529D0A77500CB34A7 /* Player.swift */ = {isa = PBXFileReference; lastKnownFileType = sourcecode.swift; path = Player.swift; sourceTree = "<group>"; };
		00D30D8729D0A78A00CB34A7 /* PlayerStats.swift */ = {isa = PBXFileReference; lastKnownFileType = sourcecode.swift; path = PlayerStats.swift; sourceTree = "<group>"; };
		00D30D8B29D0A85300CB34A7 /* MLBViewModel.swift */ = {isa = PBXFileReference; lastKnownFileType = sourcecode.swift; path = MLBViewModel.swift; sourceTree = "<group>"; };
		00D30D8D29D0A91700CB34A7 /* PlayerStatsView.swift */ = {isa = PBXFileReference; lastKnownFileType = sourcecode.swift; path = PlayerStatsView.swift; sourceTree = "<group>"; };
		00D30D8F29D0AC6500CB34A7 /* SearchResponse.swift */ = {isa = PBXFileReference; lastKnownFileType = sourcecode.swift; path = SearchResponse.swift; sourceTree = "<group>"; };
		00D30D9129D0AC8600CB34A7 /* SearchPlayerAll.swift */ = {isa = PBXFileReference; lastKnownFileType = sourcecode.swift; path = SearchPlayerAll.swift; sourceTree = "<group>"; };
		00D30D9329D0ACA800CB34A7 /* QueryResultsPlayers.swift */ = {isa = PBXFileReference; lastKnownFileType = sourcecode.swift; path = QueryResultsPlayers.swift; sourceTree = "<group>"; };
		00D30D9529D0ACBE00CB34A7 /* StatsResponse.swift */ = {isa = PBXFileReference; lastKnownFileType = sourcecode.swift; path = StatsResponse.swift; sourceTree = "<group>"; };
		00D30D9729D0ACD500CB34A7 /* SportHittingTM.swift */ = {isa = PBXFileReference; lastKnownFileType = sourcecode.swift; path = SportHittingTM.swift; sourceTree = "<group>"; };
		00D30D9929D0ACEA00CB34A7 /* QueryResultsStats.swift */ = {isa = PBXFileReference; lastKnownFileType = sourcecode.swift; path = QueryResultsStats.swift; sourceTree = "<group>"; };
		00D30D9B29D0BA7900CB34A7 /* TheSportsDBResponse.swift */ = {isa = PBXFileReference; lastKnownFileType = sourcecode.swift; path = TheSportsDBResponse.swift; sourceTree = "<group>"; };
		00D30D9D29D0C83500CB34A7 /* PlayerStatsResponse.swift */ = {isa = PBXFileReference; lastKnownFileType = sourcecode.swift; path = PlayerStatsResponse.swift; sourceTree = "<group>"; };
		ACF5E03C29BE957F00DD981A /* Assignment3.app */ = {isa = PBXFileReference; explicitFileType = wrapper.application; includeInIndex = 0; path = Assignment3.app; sourceTree = BUILT_PRODUCTS_DIR; };
		ACF5E03F29BE957F00DD981A /* MLBApp.swift */ = {isa = PBXFileReference; lastKnownFileType = sourcecode.swift; path = MLBApp.swift; sourceTree = "<group>"; };
		ACF5E04129BE957F00DD981A /* PlayerListView.swift */ = {isa = PBXFileReference; lastKnownFileType = sourcecode.swift; path = PlayerListView.swift; sourceTree = "<group>"; };
		ACF5E04329BE958000DD981A /* Assets.xcassets */ = {isa = PBXFileReference; lastKnownFileType = folder.assetcatalog; path = Assets.xcassets; sourceTree = "<group>"; };
		ACF5E04629BE958000DD981A /* Preview Assets.xcassets */ = {isa = PBXFileReference; lastKnownFileType = folder.assetcatalog; path = "Preview Assets.xcassets"; sourceTree = "<group>"; };
/* End PBXFileReference section */

/* Begin PBXFrameworksBuildPhase section */
		ACF5E03929BE957F00DD981A /* Frameworks */ = {
			isa = PBXFrameworksBuildPhase;
			buildActionMask = 2147483647;
			files = (
				00C22BA329F8484600639E1D /* FirebaseAnalytics in Frameworks */,
				00C22BA729F8484600639E1D /* FirebaseAuth in Frameworks */,
				00C22BA529F8484600639E1D /* FirebaseAnalyticsWithoutAdIdSupport in Frameworks */,
			);
			runOnlyForDeploymentPostprocessing = 0;
		};
/* End PBXFrameworksBuildPhase section */

/* Begin PBXGroup section */
		00D30D8329D0A6BA00CB34A7 /* MLBApp */ = {
			isa = PBXGroup;
			children = (
				ACF5E03F29BE957F00DD981A /* MLBApp.swift */,
				00D30D8B29D0A85300CB34A7 /* MLBViewModel.swift */,
				00C22BA829F84E7600639E1D /* AuthViewModel.swift */,
			);
			path = MLBApp;
			sourceTree = "<group>";
		};
		00D30D8929D0A79300CB34A7 /* Models */ = {
			isa = PBXGroup;
			children = (
				00D30D8529D0A77500CB34A7 /* Player.swift */,
				00D30D8729D0A78A00CB34A7 /* PlayerStats.swift */,
				00C228E629D15CF2007FC938 /* Milestone.swift */,
				003689FE29F1D95A0091E536 /* Honours.swift */,
				00C228E829D15D0F007FC938 /* MilestoneResponse.swift */,
				00D30D8F29D0AC6500CB34A7 /* SearchResponse.swift */,
				00D30D9D29D0C83500CB34A7 /* PlayerStatsResponse.swift */,
				00D30D9B29D0BA7900CB34A7 /* TheSportsDBResponse.swift */,
				00D30D9129D0AC8600CB34A7 /* SearchPlayerAll.swift */,
				00D30D9329D0ACA800CB34A7 /* QueryResultsPlayers.swift */,
				00D30D9929D0ACEA00CB34A7 /* QueryResultsStats.swift */,
				00D30D9529D0ACBE00CB34A7 /* StatsResponse.swift */,
				00D30D9729D0ACD500CB34A7 /* SportHittingTM.swift */,
			);
			path = Models;
			sourceTree = "<group>";
		};
		00D30D8A29D0A7A800CB34A7 /* Views */ = {
			isa = PBXGroup;
			children = (
				00C22B9D29F844F300639E1D /* LoginView.swift */,
				ACF5E04129BE957F00DD981A /* PlayerListView.swift */,
				00D30D8D29D0A91700CB34A7 /* PlayerStatsView.swift */,
			);
			path = Views;
			sourceTree = "<group>";
		};
		ACF5E03329BE957F00DD981A = {
			isa = PBXGroup;
			children = (
				ACF5E03E29BE957F00DD981A /* Assignment3 */,
				ACF5E03D29BE957F00DD981A /* Products */,
			);
			sourceTree = "<group>";
		};
		ACF5E03D29BE957F00DD981A /* Products */ = {
			isa = PBXGroup;
			children = (
				ACF5E03C29BE957F00DD981A /* Assignment3.app */,
			);
			name = Products;
			sourceTree = "<group>";
		};
		ACF5E03E29BE957F00DD981A /* Assignment3 */ = {
			isa = PBXGroup;
			children = (
				00C22B9F29F8474D00639E1D /* GoogleService-Info.plist */,
				00D30D8329D0A6BA00CB34A7 /* MLBApp */,
				00D30D8A29D0A7A800CB34A7 /* Views */,
				00D30D8929D0A79300CB34A7 /* Models */,
				ACF5E04329BE958000DD981A /* Assets.xcassets */,
				ACF5E04529BE958000DD981A /* Preview Content */,
			);
			path = Assignment3;
			sourceTree = "<group>";
		};
		ACF5E04529BE958000DD981A /* Preview Content */ = {
			isa = PBXGroup;
			children = (
				ACF5E04629BE958000DD981A /* Preview Assets.xcassets */,
			);
			path = "Preview Content";
			sourceTree = "<group>";
		};
/* End PBXGroup section */

/* Begin PBXNativeTarget section */
		ACF5E03B29BE957F00DD981A /* Assignment3 */ = {
			isa = PBXNativeTarget;
			buildConfigurationList = ACF5E04A29BE958000DD981A /* Build configuration list for PBXNativeTarget "Assignment3" */;
			buildPhases = (
				ACF5E03829BE957F00DD981A /* Sources */,
				ACF5E03929BE957F00DD981A /* Frameworks */,
				ACF5E03A29BE957F00DD981A /* Resources */,
			);
			buildRules = (
			);
			dependencies = (
			);
			name = Assignment3;
			packageProductDependencies = (
				00C22BA229F8484600639E1D /* FirebaseAnalytics */,
				00C22BA429F8484600639E1D /* FirebaseAnalyticsWithoutAdIdSupport */,
				00C22BA629F8484600639E1D /* FirebaseAuth */,
			);
			productName = Assignment3;
			productReference = ACF5E03C29BE957F00DD981A /* Assignment3.app */;
			productType = "com.apple.product-type.application";
		};
/* End PBXNativeTarget section */

/* Begin PBXProject section */
		ACF5E03429BE957F00DD981A /* Project object */ = {
			isa = PBXProject;
			attributes = {
				BuildIndependentTargetsInParallel = 1;
				LastSwiftUpdateCheck = 1420;
				LastUpgradeCheck = 1420;
				TargetAttributes = {
					ACF5E03B29BE957F00DD981A = {
						CreatedOnToolsVersion = 14.2;
					};
				};
			};
			buildConfigurationList = ACF5E03729BE957F00DD981A /* Build configuration list for PBXProject "Assignment3" */;
			compatibilityVersion = "Xcode 14.0";
			developmentRegion = en;
			hasScannedForEncodings = 0;
			knownRegions = (
				en,
				Base,
			);
			mainGroup = ACF5E03329BE957F00DD981A;
			packageReferences = (
				00C22BA129F8484600639E1D /* XCRemoteSwiftPackageReference "firebase-ios-sdk" */,
			);
			productRefGroup = ACF5E03D29BE957F00DD981A /* Products */;
			projectDirPath = "";
			projectRoot = "";
			targets = (
				ACF5E03B29BE957F00DD981A /* Assignment3 */,
			);
		};
/* End PBXProject section */

/* Begin PBXResourcesBuildPhase section */
		ACF5E03A29BE957F00DD981A /* Resources */ = {
			isa = PBXResourcesBuildPhase;
			buildActionMask = 2147483647;
			files = (
				ACF5E04729BE958000DD981A /* Preview Assets.xcassets in Resources */,
				ACF5E04429BE958000DD981A /* Assets.xcassets in Resources */,
				00C22BA029F8474D00639E1D /* GoogleService-Info.plist in Resources */,
			);
			runOnlyForDeploymentPostprocessing = 0;
		};
/* End PBXResourcesBuildPhase section */

/* Begin PBXSourcesBuildPhase section */
		ACF5E03829BE957F00DD981A /* Sources */ = {
			isa = PBXSourcesBuildPhase;
			buildActionMask = 2147483647;
			files = (
				00D30D9629D0ACBE00CB34A7 /* StatsResponse.swift in Sources */,
				00C228E929D15D0F007FC938 /* MilestoneResponse.swift in Sources */,
				003689FF29F1D95A0091E536 /* Honours.swift in Sources */,
				00D30D9029D0AC6500CB34A7 /* SearchResponse.swift in Sources */,
				00D30D9829D0ACD500CB34A7 /* SportHittingTM.swift in Sources */,
				00C228E729D15CF2007FC938 /* Milestone.swift in Sources */,
				00C22BA929F84E7600639E1D /* AuthViewModel.swift in Sources */,
				00D30D8829D0A78A00CB34A7 /* PlayerStats.swift in Sources */,
				00D30D9429D0ACA800CB34A7 /* QueryResultsPlayers.swift in Sources */,
				00D30D9A29D0ACEA00CB34A7 /* QueryResultsStats.swift in Sources */,
				00D30D8E29D0A91700CB34A7 /* PlayerStatsView.swift in Sources */,
				00D30D8C29D0A85300CB34A7 /* MLBViewModel.swift in Sources */,
				00D30D9C29D0BA7900CB34A7 /* TheSportsDBResponse.swift in Sources */,
				00C22B9E29F844F300639E1D /* LoginView.swift in Sources */,
				00D30D9229D0AC8600CB34A7 /* SearchPlayerAll.swift in Sources */,
				ACF5E04229BE957F00DD981A /* PlayerListView.swift in Sources */,
				00D30D9E29D0C83500CB34A7 /* PlayerStatsResponse.swift in Sources */,
				00D30D8629D0A77500CB34A7 /* Player.swift in Sources */,
				ACF5E04029BE957F00DD981A /* MLBApp.swift in Sources */,
			);
			runOnlyForDeploymentPostprocessing = 0;
		};
/* End PBXSourcesBuildPhase section */

/* Begin XCBuildConfiguration section */
		ACF5E04829BE958000DD981A /* Debug */ = {
			isa = XCBuildConfiguration;
			buildSettings = {
				ALWAYS_SEARCH_USER_PATHS = NO;
				CLANG_ANALYZER_NONNULL = YES;
				CLANG_ANALYZER_NUMBER_OBJECT_CONVERSION = YES_AGGRESSIVE;
				CLANG_CXX_LANGUAGE_STANDARD = "gnu++20";
				CLANG_ENABLE_MODULES = YES;
				CLANG_ENABLE_OBJC_ARC = YES;
				CLANG_ENABLE_OBJC_WEAK = YES;
				CLANG_WARN_BLOCK_CAPTURE_AUTORELEASING = YES;
				CLANG_WARN_BOOL_CONVERSION = YES;
				CLANG_WARN_COMMA = YES;
				CLANG_WARN_CONSTANT_CONVERSION = YES;
				CLANG_WARN_DEPRECATED_OBJC_IMPLEMENTATIONS = YES;
				CLANG_WARN_DIRECT_OBJC_ISA_USAGE = YES_ERROR;
				CLANG_WARN_DOCUMENTATION_COMMENTS = YES;
				CLANG_WARN_EMPTY_BODY = YES;
				CLANG_WARN_ENUM_CONVERSION = YES;
				CLANG_WARN_INFINITE_RECURSION = YES;
				CLANG_WARN_INT_CONVERSION = YES;
				CLANG_WARN_NON_LITERAL_NULL_CONVERSION = YES;
				CLANG_WARN_OBJC_IMPLICIT_RETAIN_SELF = YES;
				CLANG_WARN_OBJC_LITERAL_CONVERSION = YES;
				CLANG_WARN_OBJC_ROOT_CLASS = YES_ERROR;
				CLANG_WARN_QUOTED_INCLUDE_IN_FRAMEWORK_HEADER = YES;
				CLANG_WARN_RANGE_LOOP_ANALYSIS = YES;
				CLANG_WARN_STRICT_PROTOTYPES = YES;
				CLANG_WARN_SUSPICIOUS_MOVE = YES;
				CLANG_WARN_UNGUARDED_AVAILABILITY = YES_AGGRESSIVE;
				CLANG_WARN_UNREACHABLE_CODE = YES;
				CLANG_WARN__DUPLICATE_METHOD_MATCH = YES;
				COPY_PHASE_STRIP = NO;
				DEBUG_INFORMATION_FORMAT = dwarf;
				ENABLE_STRICT_OBJC_MSGSEND = YES;
				ENABLE_TESTABILITY = YES;
				GCC_C_LANGUAGE_STANDARD = gnu11;
				GCC_DYNAMIC_NO_PIC = NO;
				GCC_NO_COMMON_BLOCKS = YES;
				GCC_OPTIMIZATION_LEVEL = 0;
				GCC_PREPROCESSOR_DEFINITIONS = (
					"DEBUG=1",
					"$(inherited)",
				);
				GCC_WARN_64_TO_32_BIT_CONVERSION = YES;
				GCC_WARN_ABOUT_RETURN_TYPE = YES_ERROR;
				GCC_WARN_UNDECLARED_SELECTOR = YES;
				GCC_WARN_UNINITIALIZED_AUTOS = YES_AGGRESSIVE;
				GCC_WARN_UNUSED_FUNCTION = YES;
				GCC_WARN_UNUSED_VARIABLE = YES;
				IPHONEOS_DEPLOYMENT_TARGET = 16.2;
				MTL_ENABLE_DEBUG_INFO = INCLUDE_SOURCE;
				MTL_FAST_MATH = YES;
				ONLY_ACTIVE_ARCH = YES;
				SDKROOT = iphoneos;
				SWIFT_ACTIVE_COMPILATION_CONDITIONS = DEBUG;
				SWIFT_OPTIMIZATION_LEVEL = "-Onone";
			};
			name = Debug;
		};
		ACF5E04929BE958000DD981A /* Release */ = {
			isa = XCBuildConfiguration;
			buildSettings = {
				ALWAYS_SEARCH_USER_PATHS = NO;
				CLANG_ANALYZER_NONNULL = YES;
				CLANG_ANALYZER_NUMBER_OBJECT_CONVERSION = YES_AGGRESSIVE;
				CLANG_CXX_LANGUAGE_STANDARD = "gnu++20";
				CLANG_ENABLE_MODULES = YES;
				CLANG_ENABLE_OBJC_ARC = YES;
				CLANG_ENABLE_OBJC_WEAK = YES;
				CLANG_WARN_BLOCK_CAPTURE_AUTORELEASING = YES;
				CLANG_WARN_BOOL_CONVERSION = YES;
				CLANG_WARN_COMMA = YES;
				CLANG_WARN_CONSTANT_CONVERSION = YES;
				CLANG_WARN_DEPRECATED_OBJC_IMPLEMENTATIONS = YES;
				CLANG_WARN_DIRECT_OBJC_ISA_USAGE = YES_ERROR;
				CLANG_WARN_DOCUMENTATION_COMMENTS = YES;
				CLANG_WARN_EMPTY_BODY = YES;
				CLANG_WARN_ENUM_CONVERSION = YES;
				CLANG_WARN_INFINITE_RECURSION = YES;
				CLANG_WARN_INT_CONVERSION = YES;
				CLANG_WARN_NON_LITERAL_NULL_CONVERSION = YES;
				CLANG_WARN_OBJC_IMPLICIT_RETAIN_SELF = YES;
				CLANG_WARN_OBJC_LITERAL_CONVERSION = YES;
				CLANG_WARN_OBJC_ROOT_CLASS = YES_ERROR;
				CLANG_WARN_QUOTED_INCLUDE_IN_FRAMEWORK_HEADER = YES;
				CLANG_WARN_RANGE_LOOP_ANALYSIS = YES;
				CLANG_WARN_STRICT_PROTOTYPES = YES;
				CLANG_WARN_SUSPICIOUS_MOVE = YES;
				CLANG_WARN_UNGUARDED_AVAILABILITY = YES_AGGRESSIVE;
				CLANG_WARN_UNREACHABLE_CODE = YES;
				CLANG_WARN__DUPLICATE_METHOD_MATCH = YES;
				COPY_PHASE_STRIP = NO;
				DEBUG_INFORMATION_FORMAT = "dwarf-with-dsym";
				ENABLE_NS_ASSERTIONS = NO;
				ENABLE_STRICT_OBJC_MSGSEND = YES;
				GCC_C_LANGUAGE_STANDARD = gnu11;
				GCC_NO_COMMON_BLOCKS = YES;
				GCC_WARN_64_TO_32_BIT_CONVERSION = YES;
				GCC_WARN_ABOUT_RETURN_TYPE = YES_ERROR;
				GCC_WARN_UNDECLARED_SELECTOR = YES;
				GCC_WARN_UNINITIALIZED_AUTOS = YES_AGGRESSIVE;
				GCC_WARN_UNUSED_FUNCTION = YES;
				GCC_WARN_UNUSED_VARIABLE = YES;
				IPHONEOS_DEPLOYMENT_TARGET = 16.2;
				MTL_ENABLE_DEBUG_INFO = NO;
				MTL_FAST_MATH = YES;
				SDKROOT = iphoneos;
				SWIFT_COMPILATION_MODE = wholemodule;
				SWIFT_OPTIMIZATION_LEVEL = "-O";
				VALIDATE_PRODUCT = YES;
			};
			name = Release;
		};
		ACF5E04B29BE958000DD981A /* Debug */ = {
			isa = XCBuildConfiguration;
			buildSettings = {
				ASSETCATALOG_COMPILER_APPICON_NAME = AppIcon;
				ASSETCATALOG_COMPILER_GLOBAL_ACCENT_COLOR_NAME = AccentColor;
				CODE_SIGN_STYLE = Automatic;
				CURRENT_PROJECT_VERSION = 1;
				DEVELOPMENT_ASSET_PATHS = "\"Assignment3/Preview Content\"";
				ENABLE_PREVIEWS = YES;
				GENERATE_INFOPLIST_FILE = YES;
				INFOPLIST_KEY_UIApplicationSceneManifest_Generation = YES;
				INFOPLIST_KEY_UIApplicationSupportsIndirectInputEvents = YES;
				INFOPLIST_KEY_UILaunchScreen_Generation = YES;
				INFOPLIST_KEY_UISupportedInterfaceOrientations_iPad = "UIInterfaceOrientationPortrait UIInterfaceOrientationPortraitUpsideDown UIInterfaceOrientationLandscapeLeft UIInterfaceOrientationLandscapeRight";
				INFOPLIST_KEY_UISupportedInterfaceOrientations_iPhone = "UIInterfaceOrientationPortrait UIInterfaceOrientationLandscapeLeft UIInterfaceOrientationLandscapeRight";
				LD_RUNPATH_SEARCH_PATHS = (
					"$(inherited)",
					"@executable_path/Frameworks",
				);
				MARKETING_VERSION = 1.0;
				PRODUCT_BUNDLE_IDENTIFIER = edu.auburn.onlinecsse.Assignment3;
				PRODUCT_NAME = "$(TARGET_NAME)";
				SWIFT_EMIT_LOC_STRINGS = YES;
				SWIFT_VERSION = 5.0;
				TARGETED_DEVICE_FAMILY = "1,2";
			};
			name = Debug;
		};
		ACF5E04C29BE958000DD981A /* Release */ = {
			isa = XCBuildConfiguration;
			buildSettings = {
				ASSETCATALOG_COMPILER_APPICON_NAME = AppIcon;
				ASSETCATALOG_COMPILER_GLOBAL_ACCENT_COLOR_NAME = AccentColor;
				CODE_SIGN_STYLE = Automatic;
				CURRENT_PROJECT_VERSION = 1;
				DEVELOPMENT_ASSET_PATHS = "\"Assignment3/Preview Content\"";
				ENABLE_PREVIEWS = YES;
				GENERATE_INFOPLIST_FILE = YES;
				INFOPLIST_KEY_UIApplicationSceneManifest_Generation = YES;
				INFOPLIST_KEY_UIApplicationSupportsIndirectInputEvents = YES;
				INFOPLIST_KEY_UILaunchScreen_Generation = YES;
				INFOPLIST_KEY_UISupportedInterfaceOrientations_iPad = "UIInterfaceOrientationPortrait UIInterfaceOrientationPortraitUpsideDown UIInterfaceOrientationLandscapeLeft UIInterfaceOrientationLandscapeRight";
				INFOPLIST_KEY_UISupportedInterfaceOrientations_iPhone = "UIInterfaceOrientationPortrait UIInterfaceOrientationLandscapeLeft UIInterfaceOrientationLandscapeRight";
				LD_RUNPATH_SEARCH_PATHS = (
					"$(inherited)",
					"@executable_path/Frameworks",
				);
				MARKETING_VERSION = 1.0;
				PRODUCT_BUNDLE_IDENTIFIER = edu.auburn.onlinecsse.Assignment3;
				PRODUCT_NAME = "$(TARGET_NAME)";
				SWIFT_EMIT_LOC_STRINGS = YES;
				SWIFT_VERSION = 5.0;
				TARGETED_DEVICE_FAMILY = "1,2";
			};
			name = Release;
		};
/* End XCBuildConfiguration section */

/* Begin XCConfigurationList section */
		ACF5E03729BE957F00DD981A /* Build configuration list for PBXProject "Assignment3" */ = {
			isa = XCConfigurationList;
			buildConfigurations = (
				ACF5E04829BE958000DD981A /* Debug */,
				ACF5E04929BE958000DD981A /* Release */,
			);
			defaultConfigurationIsVisible = 0;
			defaultConfigurationName = Release;
		};
		ACF5E04A29BE958000DD981A /* Build configuration list for PBXNativeTarget "Assignment3" */ = {
			isa = XCConfigurationList;
			buildConfigurations = (
				ACF5E04B29BE958000DD981A /* Debug */,
				ACF5E04C29BE958000DD981A /* Release */,
			);
			defaultConfigurationIsVisible = 0;
			defaultConfigurationName = Release;
		};
/* End XCConfigurationList section */

/* Begin XCRemoteSwiftPackageReference section */
		00C22BA129F8484600639E1D /* XCRemoteSwiftPackageReference "firebase-ios-sdk" */ = {
			isa = XCRemoteSwiftPackageReference;
			repositoryURL = "https://github.com/firebase/firebase-ios-sdk";
			requirement = {
				kind = upToNextMajorVersion;
				minimumVersion = 10.0.0;
			};
		};
/* End XCRemoteSwiftPackageReference section */

/* Begin XCSwiftPackageProductDependency section */
		00C22BA229F8484600639E1D /* FirebaseAnalytics */ = {
			isa = XCSwiftPackageProductDependency;
			package = 00C22BA129F8484600639E1D /* XCRemoteSwiftPackageReference "firebase-ios-sdk" */;
			productName = FirebaseAnalytics;
		};
		00C22BA429F8484600639E1D /* FirebaseAnalyticsWithoutAdIdSupport */ = {
			isa = XCSwiftPackageProductDependency;
			package = 00C22BA129F8484600639E1D /* XCRemoteSwiftPackageReference "firebase-ios-sdk" */;
			productName = FirebaseAnalyticsWithoutAdIdSupport;
		};
		00C22BA629F8484600639E1D /* FirebaseAuth */ = {
			isa = XCSwiftPackageProductDependency;
			package = 00C22BA129F8484600639E1D /* XCRemoteSwiftPackageReference "firebase-ios-sdk" */;
			productName = FirebaseAuth;
		};
/* End XCSwiftPackageProductDependency section */
	};
	rootObject = ACF5E03429BE957F00DD981A /* Project object */;
}
